
Microsoft Visual Studio Solution File, Format Version 12.00
# Visual Studio Version 16
VisualStudioVersion = 16.0.30011.22
MinimumVisualStudioVersion = 10.0.40219.1
Project("{9A19103F-16F7-4668-BE54-9A1E7A4F7556}") = "Home", "Home\Home.csproj", "{159117BC-1C67-40AE-AC00-B53D34D38AC4}"
EndProject
Global
	GlobalSection(SolutionConfigurationPlatforms) = preSolution
		Debug|Any CPU = Debug|Any CPU
		Release|Any CPU = Release|Any CPU
	EndGlobalSection
	GlobalSection(ProjectConfigurationPlatforms) = postSolution
		{159117BC-1C67-40AE-AC00-B53D34D38AC4}.Debug|Any CPU.ActiveCfg = Debug|Any CPU
		{159117BC-1C67-40AE-AC00-B53D34D38AC4}.Debug|Any CPU.Build.0 = Debug|Any CPU
		{159117BC-1C67-40AE-AC00-B53D34D38AC4}.Release|Any CPU.ActiveCfg = Release|Any CPU
		{159117BC-1C67-40AE-AC00-B53D34D38AC4}.Release|Any CPU.Build.0 = Release|Any CPU
	EndGlobalSection
	GlobalSection(SolutionProperties) = preSolution
		HideSolutionNode = FALSE
	EndGlobalSection
	GlobalSection(ExtensibilityGlobals) = postSolution
		SolutionGuid = {A9DEC702-60A5-4588-8A12-1D4BA35CD645}
	EndGlobalSection
EndGlobal
